
Microsoft Visual Studio Solution File, Format Version 12.00
# Visual Studio Version 16
VisualStudioVersion = 16.0.32126.315
MinimumVisualStudioVersion = 10.0.40219.1
Project("{9A19103F-16F7-4668-BE54-9A1E7A4F7556}") = "IceManTest", "IceManTest.csproj", "{0658008E-60FB-43B7-9EBB-72B79CCA04F0}"
EndProject
Global
	GlobalSection(SolutionConfigurationPlatforms) = preSolution
		Debug|Any CPU = Debug|Any CPU
		Release|Any CPU = Release|Any CPU
	EndGlobalSection
	GlobalSection(ProjectConfigurationPlatforms) = postSolution
		{0658008E-60FB-43B7-9EBB-72B79CCA04F0}.Debug|Any CPU.ActiveCfg = Debug|Any CPU
		{0658008E-60FB-43B7-9EBB-72B79CCA04F0}.Debug|Any CPU.Build.0 = Debug|Any CPU
		{0658008E-60FB-43B7-9EBB-72B79CCA04F0}.Release|Any CPU.ActiveCfg = Release|Any CPU
		{0658008E-60FB-43B7-9EBB-72B79CCA04F0}.Release|Any CPU.Build.0 = Release|Any CPU
	EndGlobalSection
	GlobalSection(SolutionProperties) = preSolution
		HideSolutionNode = FALSE
	EndGlobalSection
	GlobalSection(ExtensibilityGlobals) = postSolution
		SolutionGuid = {4A75BB3A-8CC0-48F5-A84A-7F8FA5C65B22}
	EndGlobalSection
EndGlobal
